
Microsoft Visual Studio Solution File, Format Version 12.00
# Visual Studio 15
VisualStudioVersion = 15.0.27703.2042
MinimumVisualStudioVersion = 10.0.40219.1
Project("{FAE04EC0-301F-11D3-BF4B-00C04F79EFBC}") = "MyAlgorithmStudy01", "MyAlgorithmStudy01\MyAlgorithmStudy01.csproj", "{C8B16A16-BA7C-46BC-AB1F-7793D6541E55}"
EndProject
Global
	GlobalSection(SolutionConfigurationPlatforms) = preSolution
		Debug|Any CPU = Debug|Any CPU
		Release|Any CPU = Release|Any CPU
	EndGlobalSection
	GlobalSection(ProjectConfigurationPlatforms) = postSolution
		{C8B16A16-BA7C-46BC-AB1F-7793D6541E55}.Debug|Any CPU.ActiveCfg = Debug|Any CPU
		{C8B16A16-BA7C-46BC-AB1F-7793D6541E55}.Debug|Any CPU.Build.0 = Debug|Any CPU
		{C8B16A16-BA7C-46BC-AB1F-7793D6541E55}.Release|Any CPU.ActiveCfg = Release|Any CPU
		{C8B16A16-BA7C-46BC-AB1F-7793D6541E55}.Release|Any CPU.Build.0 = Release|Any CPU
	EndGlobalSection
	GlobalSection(SolutionProperties) = preSolution
		HideSolutionNode = FALSE
	EndGlobalSection
	GlobalSection(ExtensibilityGlobals) = postSolution
		SolutionGuid = {C30D661B-C504-4290-84B5-A4027FF9C9FC}
	EndGlobalSection
EndGlobal
